
Microsoft Visual Studio Solution File, Format Version 11.00
# Visual Studio 2010
Project("{FAE04EC0-301F-11D3-BF4B-00C04F79EFBC}") = "MSSvIR", "WindowsFormsApplication1\MSSvIR.csproj", "{FDEBD31A-41B3-4119-8CC7-F8F804B01348}"
EndProject
Global
	GlobalSection(SolutionConfigurationPlatforms) = preSolution
		Debug|x86 = Debug|x86
		Release|x86 = Release|x86
	EndGlobalSection
	GlobalSection(ProjectConfigurationPlatforms) = postSolution
		{FDEBD31A-41B3-4119-8CC7-F8F804B01348}.Debug|x86.ActiveCfg = Debug|x86
		{FDEBD31A-41B3-4119-8CC7-F8F804B01348}.Debug|x86.Build.0 = Debug|x86
		{FDEBD31A-41B3-4119-8CC7-F8F804B01348}.Release|x86.ActiveCfg = Release|x86
		{FDEBD31A-41B3-4119-8CC7-F8F804B01348}.Release|x86.Build.0 = Release|x86
	EndGlobalSection
	GlobalSection(SolutionProperties) = preSolution
		HideSolutionNode = FALSE
	EndGlobalSection
EndGlobal
