
Microsoft Visual Studio Solution File, Format Version 11.00
# Visual Studio 2010
Project("{FAE04EC0-301F-11D3-BF4B-00C04F79EFBC}") = "CorelDrawKiller", "CorelDrawKiller.csproj", "{15C5251B-CC33-42A6-836B-5F0FC3A95B04}"
EndProject
Project("{FAE04EC0-301F-11D3-BF4B-00C04F79EFBC}") = "GlobalClasses", "..\GlobalClasses\GlobalClasses.csproj", "{583A2059-FB17-49AC-A3B1-65002279D44F}"
EndProject
Project("{FAE04EC0-301F-11D3-BF4B-00C04F79EFBC}") = "Library", "Library\Library.csproj", "{B25A4730-878A-41A3-8313-46CBD88917A5}"
EndProject
Global
	GlobalSection(SolutionConfigurationPlatforms) = preSolution
		Debug|Any CPU = Debug|Any CPU
		Debug|Mixed Platforms = Debug|Mixed Platforms
		Debug|x86 = Debug|x86
		Release|Any CPU = Release|Any CPU
		Release|Mixed Platforms = Release|Mixed Platforms
		Release|x86 = Release|x86
	EndGlobalSection
	GlobalSection(ProjectConfigurationPlatforms) = postSolution
		{15C5251B-CC33-42A6-836B-5F0FC3A95B04}.Debug|Any CPU.ActiveCfg = Debug|x86
		{15C5251B-CC33-42A6-836B-5F0FC3A95B04}.Debug|Mixed Platforms.ActiveCfg = Debug|x86
		{15C5251B-CC33-42A6-836B-5F0FC3A95B04}.Debug|Mixed Platforms.Build.0 = Debug|x86
		{15C5251B-CC33-42A6-836B-5F0FC3A95B04}.Debug|x86.ActiveCfg = Debug|x86
		{15C5251B-CC33-42A6-836B-5F0FC3A95B04}.Debug|x86.Build.0 = Debug|x86
		{15C5251B-CC33-42A6-836B-5F0FC3A95B04}.Release|Any CPU.ActiveCfg = Release|x86
		{15C5251B-CC33-42A6-836B-5F0FC3A95B04}.Release|Mixed Platforms.ActiveCfg = Release|x86
		{15C5251B-CC33-42A6-836B-5F0FC3A95B04}.Release|Mixed Platforms.Build.0 = Release|x86
		{15C5251B-CC33-42A6-836B-5F0FC3A95B04}.Release|x86.ActiveCfg = Release|x86
		{15C5251B-CC33-42A6-836B-5F0FC3A95B04}.Release|x86.Build.0 = Release|x86
		{583A2059-FB17-49AC-A3B1-65002279D44F}.Debug|Any CPU.ActiveCfg = Debug|Any CPU
		{583A2059-FB17-49AC-A3B1-65002279D44F}.Debug|Any CPU.Build.0 = Debug|Any CPU
		{583A2059-FB17-49AC-A3B1-65002279D44F}.Debug|Mixed Platforms.ActiveCfg = Debug|Any CPU
		{583A2059-FB17-49AC-A3B1-65002279D44F}.Debug|Mixed Platforms.Build.0 = Debug|Any CPU
		{583A2059-FB17-49AC-A3B1-65002279D44F}.Debug|x86.ActiveCfg = Debug|Any CPU
		{583A2059-FB17-49AC-A3B1-65002279D44F}.Release|Any CPU.ActiveCfg = Release|Any CPU
		{583A2059-FB17-49AC-A3B1-65002279D44F}.Release|Any CPU.Build.0 = Release|Any CPU
		{583A2059-FB17-49AC-A3B1-65002279D44F}.Release|Mixed Platforms.ActiveCfg = Release|Any CPU
		{583A2059-FB17-49AC-A3B1-65002279D44F}.Release|Mixed Platforms.Build.0 = Release|Any CPU
		{583A2059-FB17-49AC-A3B1-65002279D44F}.Release|x86.ActiveCfg = Release|Any CPU
		{B25A4730-878A-41A3-8313-46CBD88917A5}.Debug|Any CPU.ActiveCfg = Debug|Any CPU
		{B25A4730-878A-41A3-8313-46CBD88917A5}.Debug|Any CPU.Build.0 = Debug|Any CPU
		{B25A4730-878A-41A3-8313-46CBD88917A5}.Debug|Mixed Platforms.ActiveCfg = Debug|Any CPU
		{B25A4730-878A-41A3-8313-46CBD88917A5}.Debug|Mixed Platforms.Build.0 = Debug|Any CPU
		{B25A4730-878A-41A3-8313-46CBD88917A5}.Debug|x86.ActiveCfg = Debug|Any CPU
		{B25A4730-878A-41A3-8313-46CBD88917A5}.Release|Any CPU.ActiveCfg = Release|Any CPU
		{B25A4730-878A-41A3-8313-46CBD88917A5}.Release|Any CPU.Build.0 = Release|Any CPU
		{B25A4730-878A-41A3-8313-46CBD88917A5}.Release|Mixed Platforms.ActiveCfg = Release|Any CPU
		{B25A4730-878A-41A3-8313-46CBD88917A5}.Release|Mixed Platforms.Build.0 = Release|Any CPU
		{B25A4730-878A-41A3-8313-46CBD88917A5}.Release|x86.ActiveCfg = Release|Any CPU
	EndGlobalSection
	GlobalSection(SolutionProperties) = preSolution
		HideSolutionNode = FALSE
	EndGlobalSection
EndGlobal
